// !$*UTF8*$!
{
	archiveVersion = 1;
	classes = {
	};
	objectVersion = 50;
	objects = {

/* Begin PBXBuildFile section */
		22F69992DE07F2BE8EA93349 /* Pods_Hindu_TemplesTests.framework in Frameworks */ = {isa = PBXBuildFile; fileRef = 9E7346FD917D7DD57312A655 /* Pods_Hindu_TemplesTests.framework */; };
		6551CF25E1F3803ED954EEBB /* Pods_Hindu_Temples.framework in Frameworks */ = {isa = PBXBuildFile; fileRef = DD97B428FEC2080B087CB6BA /* Pods_Hindu_Temples.framework */; };
		F40C46FB20FF9B430092C3D6 /* LoginVC.storyboard in Resources */ = {isa = PBXBuildFile; fileRef = F40C46FA20FF9B430092C3D6 /* LoginVC.storyboard */; };
		F40C46FD20FF9B4B0092C3D6 /* LoginVC.swift in Sources */ = {isa = PBXBuildFile; fileRef = F40C46FC20FF9B4B0092C3D6 /* LoginVC.swift */; };
		F445BEED2108055E00B13026 /* BaseViewController.swift in Sources */ = {isa = PBXBuildFile; fileRef = F445BEEC2108055E00B13026 /* BaseViewController.swift */; };
		F445BEEF2108079000B13026 /* FirebaseManager.swift in Sources */ = {isa = PBXBuildFile; fileRef = F445BEEE2108079000B13026 /* FirebaseManager.swift */; };
		F445BEF2210807E700B13026 /* SignupEntity.swift in Sources */ = {isa = PBXBuildFile; fileRef = F445BEF1210807E700B13026 /* SignupEntity.swift */; };
		F475597F210D3871003FADBC /* Utils.swift in Sources */ = {isa = PBXBuildFile; fileRef = F475597E210D3871003FADBC /* Utils.swift */; };
		F4755981210D3CAF003FADBC /* TempleEntity.swift in Sources */ = {isa = PBXBuildFile; fileRef = F4755980210D3CAF003FADBC /* TempleEntity.swift */; };
		F4755983210D53BC003FADBC /* UserEntity.swift in Sources */ = {isa = PBXBuildFile; fileRef = F4755982210D53BC003FADBC /* UserEntity.swift */; };
		F487355C20FCDE1800248DB5 /* AppDelegate.swift in Sources */ = {isa = PBXBuildFile; fileRef = F487355B20FCDE1800248DB5 /* AppDelegate.swift */; };
		F487355E20FCDE1800248DB5 /* ViewController.swift in Sources */ = {isa = PBXBuildFile; fileRef = F487355D20FCDE1800248DB5 /* ViewController.swift */; };
		F487356120FCDE1800248DB5 /* Main.storyboard in Resources */ = {isa = PBXBuildFile; fileRef = F487355F20FCDE1800248DB5 /* Main.storyboard */; };
		F487356320FCDE1900248DB5 /* Assets.xcassets in Resources */ = {isa = PBXBuildFile; fileRef = F487356220FCDE1900248DB5 /* Assets.xcassets */; };
		F487356620FCDE1900248DB5 /* LaunchScreen.storyboard in Resources */ = {isa = PBXBuildFile; fileRef = F487356420FCDE1900248DB5 /* LaunchScreen.storyboard */; };
		F487357120FCDE1900248DB5 /* Hindu_TemplesTests.swift in Sources */ = {isa = PBXBuildFile; fileRef = F487357020FCDE1900248DB5 /* Hindu_TemplesTests.swift */; };
		F487357C20FCDE1A00248DB5 /* Hindu_TemplesUITests.swift in Sources */ = {isa = PBXBuildFile; fileRef = F487357B20FCDE1A00248DB5 /* Hindu_TemplesUITests.swift */; };
		F487358A20FCE1EA00248DB5 /* GoogleService-Info.plist in Resources */ = {isa = PBXBuildFile; fileRef = F487358920FCE1EA00248DB5 /* GoogleService-Info.plist */; };
		F487358C20FCEC3D00248DB5 /* HomeViewController.swift in Sources */ = {isa = PBXBuildFile; fileRef = F487358B20FCEC3D00248DB5 /* HomeViewController.swift */; };
		F49B49B021023CAA0017D7C5 /* SignupVC.storyboard in Resources */ = {isa = PBXBuildFile; fileRef = F49B49AF21023CAA0017D7C5 /* SignupVC.storyboard */; };
		F49B49B221023CB50017D7C5 /* SignupVC.swift in Sources */ = {isa = PBXBuildFile; fileRef = F49B49B121023CB50017D7C5 /* SignupVC.swift */; };
		F4DF15B62113530900813369 /* MyColors.swift in Sources */ = {isa = PBXBuildFile; fileRef = F4DF15B52113530900813369 /* MyColors.swift */; };
		F61EC9B99062F3C0D31974D6 /* Pods_Hindu_TemplesUITests.framework in Frameworks */ = {isa = PBXBuildFile; fileRef = E84A7727F76E2061D54D8355 /* Pods_Hindu_TemplesUITests.framework */; };
/* End PBXBuildFile section */

/* Begin PBXContainerItemProxy section */
		F487356D20FCDE1900248DB5 /* PBXContainerItemProxy */ = {
			isa = PBXContainerItemProxy;
			containerPortal = F487355020FCDE1800248DB5 /* Project object */;
			proxyType = 1;
			remoteGlobalIDString = F487355720FCDE1800248DB5;
			remoteInfo = "Hindu Temples";
		};
		F487357820FCDE1A00248DB5 /* PBXContainerItemProxy */ = {
			isa = PBXContainerItemProxy;
			containerPortal = F487355020FCDE1800248DB5 /* Project object */;
			proxyType = 1;
			remoteGlobalIDString = F487355720FCDE1800248DB5;
			remoteInfo = "Hindu Temples";
		};
/* End PBXContainerItemProxy section */

/* Begin PBXFileReference section */
		13AA0D4E1B592E48A35B338A /* Pods-Hindu TemplesTests.debug.xcconfig */ = {isa = PBXFileReference; includeInIndex = 1; lastKnownFileType = text.xcconfig; name = "Pods-Hindu TemplesTests.debug.xcconfig"; path = "Pods/Target Support Files/Pods-Hindu TemplesTests/Pods-Hindu TemplesTests.debug.xcconfig"; sourceTree = "<group>"; };
		1D2E467B6A17D374A3E6DEF0 /* Pods-Hindu TemplesUITests.debug.xcconfig */ = {isa = PBXFileReference; includeInIndex = 1; lastKnownFileType = text.xcconfig; name = "Pods-Hindu TemplesUITests.debug.xcconfig"; path = "Pods/Target Support Files/Pods-Hindu TemplesUITests/Pods-Hindu TemplesUITests.debug.xcconfig"; sourceTree = "<group>"; };
		5AF86490CDBB8D7C1C51D3A9 /* Pods-Hindu Temples.release.xcconfig */ = {isa = PBXFileReference; includeInIndex = 1; lastKnownFileType = text.xcconfig; name = "Pods-Hindu Temples.release.xcconfig"; path = "Pods/Target Support Files/Pods-Hindu Temples/Pods-Hindu Temples.release.xcconfig"; sourceTree = "<group>"; };
		766CD873518073E0CA67B3B5 /* Pods-Hindu Temples.debug.xcconfig */ = {isa = PBXFileReference; includeInIndex = 1; lastKnownFileType = text.xcconfig; name = "Pods-Hindu Temples.debug.xcconfig"; path = "Pods/Target Support Files/Pods-Hindu Temples/Pods-Hindu Temples.debug.xcconfig"; sourceTree = "<group>"; };
		9B807176C5EDFBB515AB1C4A /* Pods-Hindu TemplesTests.release.xcconfig */ = {isa = PBXFileReference; includeInIndex = 1; lastKnownFileType = text.xcconfig; name = "Pods-Hindu TemplesTests.release.xcconfig"; path = "Pods/Target Support Files/Pods-Hindu TemplesTests/Pods-Hindu TemplesTests.release.xcconfig"; sourceTree = "<group>"; };
		9E7346FD917D7DD57312A655 /* Pods_Hindu_TemplesTests.framework */ = {isa = PBXFileReference; explicitFileType = wrapper.framework; includeInIndex = 0; path = Pods_Hindu_TemplesTests.framework; sourceTree = BUILT_PRODUCTS_DIR; };
		B88B65029DFAF2BED1403AAA /* Pods-Hindu TemplesUITests.release.xcconfig */ = {isa = PBXFileReference; includeInIndex = 1; lastKnownFileType = text.xcconfig; name = "Pods-Hindu TemplesUITests.release.xcconfig"; path = "Pods/Target Support Files/Pods-Hindu TemplesUITests/Pods-Hindu TemplesUITests.release.xcconfig"; sourceTree = "<group>"; };
		DD97B428FEC2080B087CB6BA /* Pods_Hindu_Temples.framework */ = {isa = PBXFileReference; explicitFileType = wrapper.framework; includeInIndex = 0; path = Pods_Hindu_Temples.framework; sourceTree = BUILT_PRODUCTS_DIR; };
		E84A7727F76E2061D54D8355 /* Pods_Hindu_TemplesUITests.framework */ = {isa = PBXFileReference; explicitFileType = wrapper.framework; includeInIndex = 0; path = Pods_Hindu_TemplesUITests.framework; sourceTree = BUILT_PRODUCTS_DIR; };
		F40C46FA20FF9B430092C3D6 /* LoginVC.storyboard */ = {isa = PBXFileReference; lastKnownFileType = file.storyboard; path = LoginVC.storyboard; sourceTree = "<group>"; };
		F40C46FC20FF9B4B0092C3D6 /* LoginVC.swift */ = {isa = PBXFileReference; lastKnownFileType = sourcecode.swift; path = LoginVC.swift; sourceTree = "<group>"; };
		F445BEEC2108055E00B13026 /* BaseViewController.swift */ = {isa = PBXFileReference; lastKnownFileType = sourcecode.swift; path = BaseViewController.swift; sourceTree = "<group>"; };
		F445BEEE2108079000B13026 /* FirebaseManager.swift */ = {isa = PBXFileReference; lastKnownFileType = sourcecode.swift; path = FirebaseManager.swift; sourceTree = "<group>"; };
		F445BEF1210807E700B13026 /* SignupEntity.swift */ = {isa = PBXFileReference; lastKnownFileType = sourcecode.swift; path = SignupEntity.swift; sourceTree = "<group>"; };
		F475597E210D3871003FADBC /* Utils.swift */ = {isa = PBXFileReference; lastKnownFileType = sourcecode.swift; path = Utils.swift; sourceTree = "<group>"; };
		F4755980210D3CAF003FADBC /* TempleEntity.swift */ = {isa = PBXFileReference; lastKnownFileType = sourcecode.swift; path = TempleEntity.swift; sourceTree = "<group>"; };
		F4755982210D53BC003FADBC /* UserEntity.swift */ = {isa = PBXFileReference; lastKnownFileType = sourcecode.swift; path = UserEntity.swift; sourceTree = "<group>"; };
		F487355820FCDE1800248DB5 /* Hindu Temples.app */ = {isa = PBXFileReference; explicitFileType = wrapper.application; includeInIndex = 0; path = "Hindu Temples.app"; sourceTree = BUILT_PRODUCTS_DIR; };
		F487355B20FCDE1800248DB5 /* AppDelegate.swift */ = {isa = PBXFileReference; lastKnownFileType = sourcecode.swift; path = AppDelegate.swift; sourceTree = "<group>"; };
		F487355D20FCDE1800248DB5 /* ViewController.swift */ = {isa = PBXFileReference; lastKnownFileType = sourcecode.swift; path = ViewController.swift; sourceTree = "<group>"; };
		F487356020FCDE1800248DB5 /* Base */ = {isa = PBXFileReference; lastKnownFileType = file.storyboard; name = Base; path = Base.lproj/Main.storyboard; sourceTree = "<group>"; };
		F487356220FCDE1900248DB5 /* Assets.xcassets */ = {isa = PBXFileReference; lastKnownFileType = folder.assetcatalog; path = Assets.xcassets; sourceTree = "<group>"; };
		F487356520FCDE1900248DB5 /* Base */ = {isa = PBXFileReference; lastKnownFileType = file.storyboard; name = Base; path = Base.lproj/LaunchScreen.storyboard; sourceTree = "<group>"; };
		F487356720FCDE1900248DB5 /* Info.plist */ = {isa = PBXFileReference; lastKnownFileType = text.plist.xml; path = Info.plist; sourceTree = "<group>"; };
		F487356C20FCDE1900248DB5 /* Hindu TemplesTests.xctest */ = {isa = PBXFileReference; explicitFileType = wrapper.cfbundle; includeInIndex = 0; path = "Hindu TemplesTests.xctest"; sourceTree = BUILT_PRODUCTS_DIR; };
		F487357020FCDE1900248DB5 /* Hindu_TemplesTests.swift */ = {isa = PBXFileReference; lastKnownFileType = sourcecode.swift; path = Hindu_TemplesTests.swift; sourceTree = "<group>"; };
		F487357220FCDE1900248DB5 /* Info.plist */ = {isa = PBXFileReference; lastKnownFileType = text.plist.xml; path = Info.plist; sourceTree = "<group>"; };
		F487357720FCDE1A00248DB5 /* Hindu TemplesUITests.xctest */ = {isa = PBXFileReference; explicitFileType = wrapper.cfbundle; includeInIndex = 0; path = "Hindu TemplesUITests.xctest"; sourceTree = BUILT_PRODUCTS_DIR; };
		F487357B20FCDE1A00248DB5 /* Hindu_TemplesUITests.swift */ = {isa = PBXFileReference; lastKnownFileType = sourcecode.swift; path = Hindu_TemplesUITests.swift; sourceTree = "<group>"; };
		F487357D20FCDE1A00248DB5 /* Info.plist */ = {isa = PBXFileReference; lastKnownFileType = text.plist.xml; path = Info.plist; sourceTree = "<group>"; };
		F487358920FCE1EA00248DB5 /* GoogleService-Info.plist */ = {isa = PBXFileReference; fileEncoding = 4; lastKnownFileType = text.plist.xml; path = "GoogleService-Info.plist"; sourceTree = "<group>"; };
		F487358B20FCEC3D00248DB5 /* HomeViewController.swift */ = {isa = PBXFileReference; lastKnownFileType = sourcecode.swift; path = HomeViewController.swift; sourceTree = "<group>"; };
		F49B49AF21023CAA0017D7C5 /* SignupVC.storyboard */ = {isa = PBXFileReference; lastKnownFileType = file.storyboard; path = SignupVC.storyboard; sourceTree = "<group>"; };
		F49B49B121023CB50017D7C5 /* SignupVC.swift */ = {isa = PBXFileReference; lastKnownFileType = sourcecode.swift; path = SignupVC.swift; sourceTree = "<group>"; };
		F4DF15B52113530900813369 /* MyColors.swift */ = {isa = PBXFileReference; lastKnownFileType = sourcecode.swift; path = MyColors.swift; sourceTree = "<group>"; };
/* End PBXFileReference section */

/* Begin PBXFrameworksBuildPhase section */
		F487355520FCDE1800248DB5 /* Frameworks */ = {
			isa = PBXFrameworksBuildPhase;
			buildActionMask = 2147483647;
			files = (
				6551CF25E1F3803ED954EEBB /* Pods_Hindu_Temples.framework in Frameworks */,
			);
			runOnlyForDeploymentPostprocessing = 0;
		};
		F487356920FCDE1900248DB5 /* Frameworks */ = {
			isa = PBXFrameworksBuildPhase;
			buildActionMask = 2147483647;
			files = (
				22F69992DE07F2BE8EA93349 /* Pods_Hindu_TemplesTests.framework in Frameworks */,
			);
			runOnlyForDeploymentPostprocessing = 0;
		};
		F487357420FCDE1900248DB5 /* Frameworks */ = {
			isa = PBXFrameworksBuildPhase;
			buildActionMask = 2147483647;
			files = (
				F61EC9B99062F3C0D31974D6 /* Pods_Hindu_TemplesUITests.framework in Frameworks */,
			);
			runOnlyForDeploymentPostprocessing = 0;
		};
/* End PBXFrameworksBuildPhase section */

/* Begin PBXGroup section */
		DDA96C9DBF22D09CDC8D7B43 /* Frameworks */ = {
			isa = PBXGroup;
			children = (
				DD97B428FEC2080B087CB6BA /* Pods_Hindu_Temples.framework */,
				9E7346FD917D7DD57312A655 /* Pods_Hindu_TemplesTests.framework */,
				E84A7727F76E2061D54D8355 /* Pods_Hindu_TemplesUITests.framework */,
			);
			name = Frameworks;
			sourceTree = "<group>";
		};
		E83BB084E5885D991B39A3A1 /* Pods */ = {
			isa = PBXGroup;
			children = (
				766CD873518073E0CA67B3B5 /* Pods-Hindu Temples.debug.xcconfig */,
				5AF86490CDBB8D7C1C51D3A9 /* Pods-Hindu Temples.release.xcconfig */,
				13AA0D4E1B592E48A35B338A /* Pods-Hindu TemplesTests.debug.xcconfig */,
				9B807176C5EDFBB515AB1C4A /* Pods-Hindu TemplesTests.release.xcconfig */,
				1D2E467B6A17D374A3E6DEF0 /* Pods-Hindu TemplesUITests.debug.xcconfig */,
				B88B65029DFAF2BED1403AAA /* Pods-Hindu TemplesUITests.release.xcconfig */,
			);
			name = Pods;
			sourceTree = "<group>";
		};
		F40C46F920FF9B360092C3D6 /* LoginVC */ = {
			isa = PBXGroup;
			children = (
				F40C46FA20FF9B430092C3D6 /* LoginVC.storyboard */,
				F40C46FC20FF9B4B0092C3D6 /* LoginVC.swift */,
			);
			path = LoginVC;
			sourceTree = "<group>";
		};
		F445BEEB2108052F00B13026 /* Firebase */ = {
			isa = PBXGroup;
			children = (
				F445BEEE2108079000B13026 /* FirebaseManager.swift */,
			);
			path = Firebase;
			sourceTree = "<group>";
		};
		F445BEF0210807DC00B13026 /* Entities */ = {
			isa = PBXGroup;
			children = (
				F445BEF1210807E700B13026 /* SignupEntity.swift */,
				F4755980210D3CAF003FADBC /* TempleEntity.swift */,
				F4755982210D53BC003FADBC /* UserEntity.swift */,
			);
			path = Entities;
			sourceTree = "<group>";
		};
		F475598721134DDE003FADBC /* Utility */ = {
			isa = PBXGroup;
			children = (
				F4DF15B52113530900813369 /* MyColors.swift */,
			);
			path = Utility;
			sourceTree = "<group>";
		};
		F487354F20FCDE1800248DB5 = {
			isa = PBXGroup;
			children = (
				F487355A20FCDE1800248DB5 /* Hindu Temples */,
				F487356F20FCDE1900248DB5 /* Hindu TemplesTests */,
				F487357A20FCDE1A00248DB5 /* Hindu TemplesUITests */,
				F487355920FCDE1800248DB5 /* Products */,
				E83BB084E5885D991B39A3A1 /* Pods */,
				DDA96C9DBF22D09CDC8D7B43 /* Frameworks */,
			);
			sourceTree = "<group>";
		};
		F487355920FCDE1800248DB5 /* Products */ = {
			isa = PBXGroup;
			children = (
				F487355820FCDE1800248DB5 /* Hindu Temples.app */,
				F487356C20FCDE1900248DB5 /* Hindu TemplesTests.xctest */,
				F487357720FCDE1A00248DB5 /* Hindu TemplesUITests.xctest */,
			);
			name = Products;
			sourceTree = "<group>";
		};
		F487355A20FCDE1800248DB5 /* Hindu Temples */ = {
			isa = PBXGroup;
			children = (
				F475598721134DDE003FADBC /* Utility */,
				F445BEF0210807DC00B13026 /* Entities */,
				F445BEEB2108052F00B13026 /* Firebase */,
				F49B49AE21023C9C0017D7C5 /* Signup */,
				F40C46F920FF9B360092C3D6 /* LoginVC */,
				F487358920FCE1EA00248DB5 /* GoogleService-Info.plist */,
				F487355B20FCDE1800248DB5 /* AppDelegate.swift */,
				F487355D20FCDE1800248DB5 /* ViewController.swift */,
				F487355F20FCDE1800248DB5 /* Main.storyboard */,
				F487356220FCDE1900248DB5 /* Assets.xcassets */,
				F487356420FCDE1900248DB5 /* LaunchScreen.storyboard */,
				F487356720FCDE1900248DB5 /* Info.plist */,
				F487358B20FCEC3D00248DB5 /* HomeViewController.swift */,
				F445BEEC2108055E00B13026 /* BaseViewController.swift */,
				F475597E210D3871003FADBC /* Utils.swift */,
			);
			path = "Hindu Temples";
			sourceTree = "<group>";
		};
		F487356F20FCDE1900248DB5 /* Hindu TemplesTests */ = {
			isa = PBXGroup;
			children = (
				F487357020FCDE1900248DB5 /* Hindu_TemplesTests.swift */,
				F487357220FCDE1900248DB5 /* Info.plist */,
			);
			path = "Hindu TemplesTests";
			sourceTree = "<group>";
		};
		F487357A20FCDE1A00248DB5 /* Hindu TemplesUITests */ = {
			isa = PBXGroup;
			children = (
				F487357B20FCDE1A00248DB5 /* Hindu_TemplesUITests.swift */,
				F487357D20FCDE1A00248DB5 /* Info.plist */,
			);
			path = "Hindu TemplesUITests";
			sourceTree = "<group>";
		};
		F49B49AE21023C9C0017D7C5 /* Signup */ = {
			isa = PBXGroup;
			children = (
				F49B49AF21023CAA0017D7C5 /* SignupVC.storyboard */,
				F49B49B121023CB50017D7C5 /* SignupVC.swift */,
			);
			path = Signup;
			sourceTree = "<group>";
		};
/* End PBXGroup section */

/* Begin PBXNativeTarget section */
		F487355720FCDE1800248DB5 /* Hindu Temples */ = {
			isa = PBXNativeTarget;
			buildConfigurationList = F487358020FCDE1A00248DB5 /* Build configuration list for PBXNativeTarget "Hindu Temples" */;
			buildPhases = (
				01B3FFA43E824734929D9B72 /* [CP] Check Pods Manifest.lock */,
				F487355420FCDE1800248DB5 /* Sources */,
				F487355520FCDE1800248DB5 /* Frameworks */,
				F487355620FCDE1800248DB5 /* Resources */,
				1BF3C09D425DAD4A84963985 /* [CP] Embed Pods Frameworks */,
				5BA5ECAFDAB8B4879F7C5FB6 /* [CP] Copy Pods Resources */,
			);
			buildRules = (
			);
			dependencies = (
			);
			name = "Hindu Temples";
			productName = "Hindu Temples";
			productReference = F487355820FCDE1800248DB5 /* Hindu Temples.app */;
			productType = "com.apple.product-type.application";
		};
		F487356B20FCDE1900248DB5 /* Hindu TemplesTests */ = {
			isa = PBXNativeTarget;
			buildConfigurationList = F487358320FCDE1A00248DB5 /* Build configuration list for PBXNativeTarget "Hindu TemplesTests" */;
			buildPhases = (
				37B6C0785D06C9E2B67534E8 /* [CP] Check Pods Manifest.lock */,
				F487356820FCDE1900248DB5 /* Sources */,
				F487356920FCDE1900248DB5 /* Frameworks */,
				F487356A20FCDE1900248DB5 /* Resources */,
			);
			buildRules = (
			);
			dependencies = (
				F487356E20FCDE1900248DB5 /* PBXTargetDependency */,
			);
			name = "Hindu TemplesTests";
			productName = "Hindu TemplesTests";
			productReference = F487356C20FCDE1900248DB5 /* Hindu TemplesTests.xctest */;
			productType = "com.apple.product-type.bundle.unit-test";
		};
		F487357620FCDE1900248DB5 /* Hindu TemplesUITests */ = {
			isa = PBXNativeTarget;
			buildConfigurationList = F487358620FCDE1A00248DB5 /* Build configuration list for PBXNativeTarget "Hindu TemplesUITests" */;
			buildPhases = (
				8276358CA891D62ADB954950 /* [CP] Check Pods Manifest.lock */,
				F487357320FCDE1900248DB5 /* Sources */,
				F487357420FCDE1900248DB5 /* Frameworks */,
				F487357520FCDE1900248DB5 /* Resources */,
			);
			buildRules = (
			);
			dependencies = (
				F487357920FCDE1A00248DB5 /* PBXTargetDependency */,
			);
			name = "Hindu TemplesUITests";
			productName = "Hindu TemplesUITests";
			productReference = F487357720FCDE1A00248DB5 /* Hindu TemplesUITests.xctest */;
			productType = "com.apple.product-type.bundle.ui-testing";
		};
/* End PBXNativeTarget section */

/* Begin PBXProject section */
		F487355020FCDE1800248DB5 /* Project object */ = {
			isa = PBXProject;
			attributes = {
				LastSwiftUpdateCheck = 0940;
				LastUpgradeCheck = 0940;
				ORGANIZATIONNAME = "kapil vallamkonda";
				TargetAttributes = {
					F487355720FCDE1800248DB5 = {
						CreatedOnToolsVersion = 9.4.1;
					};
					F487356B20FCDE1900248DB5 = {
						CreatedOnToolsVersion = 9.4.1;
						TestTargetID = F487355720FCDE1800248DB5;
					};
					F487357620FCDE1900248DB5 = {
						CreatedOnToolsVersion = 9.4.1;
						TestTargetID = F487355720FCDE1800248DB5;
					};
				};
			};
			buildConfigurationList = F487355320FCDE1800248DB5 /* Build configuration list for PBXProject "Hindu Temples" */;
			compatibilityVersion = "Xcode 9.3";
			developmentRegion = en;
			hasScannedForEncodings = 0;
			knownRegions = (
				en,
				Base,
			);
			mainGroup = F487354F20FCDE1800248DB5;
			productRefGroup = F487355920FCDE1800248DB5 /* Products */;
			projectDirPath = "";
			projectRoot = "";
			targets = (
				F487355720FCDE1800248DB5 /* Hindu Temples */,
				F487356B20FCDE1900248DB5 /* Hindu TemplesTests */,
				F487357620FCDE1900248DB5 /* Hindu TemplesUITests */,
			);
		};
/* End PBXProject section */

/* Begin PBXResourcesBuildPhase section */
		F487355620FCDE1800248DB5 /* Resources */ = {
			isa = PBXResourcesBuildPhase;
			buildActionMask = 2147483647;
			files = (
				F487356620FCDE1900248DB5 /* LaunchScreen.storyboard in Resources */,
				F487356320FCDE1900248DB5 /* Assets.xcassets in Resources */,
				F487358A20FCE1EA00248DB5 /* GoogleService-Info.plist in Resources */,
				F40C46FB20FF9B430092C3D6 /* LoginVC.storyboard in Resources */,
				F487356120FCDE1800248DB5 /* Main.storyboard in Resources */,
				F49B49B021023CAA0017D7C5 /* SignupVC.storyboard in Resources */,
			);
			runOnlyForDeploymentPostprocessing = 0;
		};
		F487356A20FCDE1900248DB5 /* Resources */ = {
			isa = PBXResourcesBuildPhase;
			buildActionMask = 2147483647;
			files = (
			);
			runOnlyForDeploymentPostprocessing = 0;
		};
		F487357520FCDE1900248DB5 /* Resources */ = {
			isa = PBXResourcesBuildPhase;
			buildActionMask = 2147483647;
			files = (
			);
			runOnlyForDeploymentPostprocessing = 0;
		};
/* End PBXResourcesBuildPhase section */

/* Begin PBXShellScriptBuildPhase section */
		01B3FFA43E824734929D9B72 /* [CP] Check Pods Manifest.lock */ = {
			isa = PBXShellScriptBuildPhase;
			buildActionMask = 2147483647;
			files = (
			);
			inputPaths = (
				"${PODS_PODFILE_DIR_PATH}/Podfile.lock",
				"${PODS_ROOT}/Manifest.lock",
			);
			name = "[CP] Check Pods Manifest.lock";
			outputPaths = (
				"$(DERIVED_FILE_DIR)/Pods-Hindu Temples-checkManifestLockResult.txt",
			);
			runOnlyForDeploymentPostprocessing = 0;
			shellPath = /bin/sh;
			shellScript = "diff \"${PODS_PODFILE_DIR_PATH}/Podfile.lock\" \"${PODS_ROOT}/Manifest.lock\" > /dev/null\nif [ $? != 0 ] ; then\n    # print error to STDERR\n    echo \"error: The sandbox is not in sync with the Podfile.lock. Run 'pod install' or update your CocoaPods installation.\" >&2\n    exit 1\nfi\n# This output is used by Xcode 'outputs' to avoid re-running this script phase.\necho \"SUCCESS\" > \"${SCRIPT_OUTPUT_FILE_0}\"\n";
			showEnvVarsInLog = 0;
		};
		1BF3C09D425DAD4A84963985 /* [CP] Embed Pods Frameworks */ = {
			isa = PBXShellScriptBuildPhase;
			buildActionMask = 2147483647;
			files = (
			);
			inputPaths = (
				"${SRCROOT}/Pods/Target Support Files/Pods-Hindu Temples/Pods-Hindu Temples-frameworks.sh",
				"${BUILT_PRODUCTS_DIR}/ChameleonFramework/ChameleonFramework.framework",
				"${BUILT_PRODUCTS_DIR}/GTMOAuth2/GTMOAuth2.framework",
				"${BUILT_PRODUCTS_DIR}/GTMSessionFetcher/GTMSessionFetcher.framework",
				"${BUILT_PRODUCTS_DIR}/GoogleToolboxForMac/GoogleToolboxForMac.framework",
				"${BUILT_PRODUCTS_DIR}/leveldb-library/leveldb.framework",
				"${BUILT_PRODUCTS_DIR}/nanopb/nanopb.framework",
			);
			name = "[CP] Embed Pods Frameworks";
			outputPaths = (
				"${TARGET_BUILD_DIR}/${FRAMEWORKS_FOLDER_PATH}/ChameleonFramework.framework",
				"${TARGET_BUILD_DIR}/${FRAMEWORKS_FOLDER_PATH}/GTMOAuth2.framework",
				"${TARGET_BUILD_DIR}/${FRAMEWORKS_FOLDER_PATH}/GTMSessionFetcher.framework",
				"${TARGET_BUILD_DIR}/${FRAMEWORKS_FOLDER_PATH}/GoogleToolboxForMac.framework",
				"${TARGET_BUILD_DIR}/${FRAMEWORKS_FOLDER_PATH}/leveldb.framework",
				"${TARGET_BUILD_DIR}/${FRAMEWORKS_FOLDER_PATH}/nanopb.framework",
			);
			runOnlyForDeploymentPostprocessing = 0;
			shellPath = /bin/sh;
			shellScript = "\"${SRCROOT}/Pods/Target Support Files/Pods-Hindu Temples/Pods-Hindu Temples-frameworks.sh\"\n";
			showEnvVarsInLog = 0;
		};
		37B6C0785D06C9E2B67534E8 /* [CP] Check Pods Manifest.lock */ = {
			isa = PBXShellScriptBuildPhase;
			buildActionMask = 2147483647;
			files = (
			);
			inputPaths = (
				"${PODS_PODFILE_DIR_PATH}/Podfile.lock",
				"${PODS_ROOT}/Manifest.lock",
			);
			name = "[CP] Check Pods Manifest.lock";
			outputPaths = (
				"$(DERIVED_FILE_DIR)/Pods-Hindu TemplesTests-checkManifestLockResult.txt",
			);
			runOnlyForDeploymentPostprocessing = 0;
			shellPath = /bin/sh;
			shellScript = "diff \"${PODS_PODFILE_DIR_PATH}/Podfile.lock\" \"${PODS_ROOT}/Manifest.lock\" > /dev/null\nif [ $? != 0 ] ; then\n    # print error to STDERR\n    echo \"error: The sandbox is not in sync with the Podfile.lock. Run 'pod install' or update your CocoaPods installation.\" >&2\n    exit 1\nfi\n# This output is used by Xcode 'outputs' to avoid re-running this script phase.\necho \"SUCCESS\" > \"${SCRIPT_OUTPUT_FILE_0}\"\n";
			showEnvVarsInLog = 0;
		};
		5BA5ECAFDAB8B4879F7C5FB6 /* [CP] Copy Pods Resources */ = {
			isa = PBXShellScriptBuildPhase;
			buildActionMask = 2147483647;
			files = (
			);
			inputPaths = (
				"${SRCROOT}/Pods/Target Support Files/Pods-Hindu Temples/Pods-Hindu Temples-resources.sh",
				"${PODS_ROOT}/GoogleSignIn/Resources/GoogleSignIn.bundle",
			);
			name = "[CP] Copy Pods Resources";
			outputPaths = (
				"${TARGET_BUILD_DIR}/${UNLOCALIZED_RESOURCES_FOLDER_PATH}/GoogleSignIn.bundle",
			);
			runOnlyForDeploymentPostprocessing = 0;
			shellPath = /bin/sh;
			shellScript = "\"${SRCROOT}/Pods/Target Support Files/Pods-Hindu Temples/Pods-Hindu Temples-resources.sh\"\n";
			showEnvVarsInLog = 0;
		};
		8276358CA891D62ADB954950 /* [CP] Check Pods Manifest.lock */ = {
			isa = PBXShellScriptBuildPhase;
			buildActionMask = 2147483647;
			files = (
			);
			inputPaths = (
				"${PODS_PODFILE_DIR_PATH}/Podfile.lock",
				"${PODS_ROOT}/Manifest.lock",
			);
			name = "[CP] Check Pods Manifest.lock";
			outputPaths = (
				"$(DERIVED_FILE_DIR)/Pods-Hindu TemplesUITests-checkManifestLockResult.txt",
			);
			runOnlyForDeploymentPostprocessing = 0;
			shellPath = /bin/sh;
			shellScript = "diff \"${PODS_PODFILE_DIR_PATH}/Podfile.lock\" \"${PODS_ROOT}/Manifest.lock\" > /dev/null\nif [ $? != 0 ] ; then\n    # print error to STDERR\n    echo \"error: The sandbox is not in sync with the Podfile.lock. Run 'pod install' or update your CocoaPods installation.\" >&2\n    exit 1\nfi\n# This output is used by Xcode 'outputs' to avoid re-running this script phase.\necho \"SUCCESS\" > \"${SCRIPT_OUTPUT_FILE_0}\"\n";
			showEnvVarsInLog = 0;
		};
/* End PBXShellScriptBuildPhase section */

/* Begin PBXSourcesBuildPhase section */
		F487355420FCDE1800248DB5 /* Sources */ = {
			isa = PBXSourcesBuildPhase;
			buildActionMask = 2147483647;
			files = (
				F4755983210D53BC003FADBC /* UserEntity.swift in Sources */,
				F4DF15B62113530900813369 /* MyColors.swift in Sources */,
				F445BEF2210807E700B13026 /* SignupEntity.swift in Sources */,
				F487355E20FCDE1800248DB5 /* ViewController.swift in Sources */,
				F475597F210D3871003FADBC /* Utils.swift in Sources */,
				F49B49B221023CB50017D7C5 /* SignupVC.swift in Sources */,
				F445BEEF2108079000B13026 /* FirebaseManager.swift in Sources */,
				F487355C20FCDE1800248DB5 /* AppDelegate.swift in Sources */,
				F40C46FD20FF9B4B0092C3D6 /* LoginVC.swift in Sources */,
				F4755981210D3CAF003FADBC /* TempleEntity.swift in Sources */,
				F487358C20FCEC3D00248DB5 /* HomeViewController.swift in Sources */,
				F445BEED2108055E00B13026 /* BaseViewController.swift in Sources */,
			);
			runOnlyForDeploymentPostprocessing = 0;
		};
		F487356820FCDE1900248DB5 /* Sources */ = {
			isa = PBXSourcesBuildPhase;
			buildActionMask = 2147483647;
			files = (
				F487357120FCDE1900248DB5 /* Hindu_TemplesTests.swift in Sources */,
			);
			runOnlyForDeploymentPostprocessing = 0;
		};
		F487357320FCDE1900248DB5 /* Sources */ = {
			isa = PBXSourcesBuildPhase;
			buildActionMask = 2147483647;
			files = (
				F487357C20FCDE1A00248DB5 /* Hindu_TemplesUITests.swift in Sources */,
			);
			runOnlyForDeploymentPostprocessing = 0;
		};
/* End PBXSourcesBuildPhase section */

/* Begin PBXTargetDependency section */
		F487356E20FCDE1900248DB5 /* PBXTargetDependency */ = {
			isa = PBXTargetDependency;
			target = F487355720FCDE1800248DB5 /* Hindu Temples */;
			targetProxy = F487356D20FCDE1900248DB5 /* PBXContainerItemProxy */;
		};
		F487357920FCDE1A00248DB5 /* PBXTargetDependency */ = {
			isa = PBXTargetDependency;
			target = F487355720FCDE1800248DB5 /* Hindu Temples */;
			targetProxy = F487357820FCDE1A00248DB5 /* PBXContainerItemProxy */;
		};
/* End PBXTargetDependency section */

/* Begin PBXVariantGroup section */
		F487355F20FCDE1800248DB5 /* Main.storyboard */ = {
			isa = PBXVariantGroup;
			children = (
				F487356020FCDE1800248DB5 /* Base */,
			);
			name = Main.storyboard;
			sourceTree = "<group>";
		};
		F487356420FCDE1900248DB5 /* LaunchScreen.storyboard */ = {
			isa = PBXVariantGroup;
			children = (
				F487356520FCDE1900248DB5 /* Base */,
			);
			name = LaunchScreen.storyboard;
			sourceTree = "<group>";
		};
/* End PBXVariantGroup section */

/* Begin XCBuildConfiguration section */
		F487357E20FCDE1A00248DB5 /* Debug */ = {
			isa = XCBuildConfiguration;
			buildSettings = {
				ALWAYS_SEARCH_USER_PATHS = NO;
				CLANG_ANALYZER_NONNULL = YES;
				CLANG_ANALYZER_NUMBER_OBJECT_CONVERSION = YES_AGGRESSIVE;
				CLANG_CXX_LANGUAGE_STANDARD = "gnu++14";
				CLANG_CXX_LIBRARY = "libc++";
				CLANG_ENABLE_MODULES = YES;
				CLANG_ENABLE_OBJC_ARC = YES;
				CLANG_ENABLE_OBJC_WEAK = YES;
				CLANG_WARN_BLOCK_CAPTURE_AUTORELEASING = YES;
				CLANG_WARN_BOOL_CONVERSION = YES;
				CLANG_WARN_COMMA = YES;
				CLANG_WARN_CONSTANT_CONVERSION = YES;
				CLANG_WARN_DEPRECATED_OBJC_IMPLEMENTATIONS = YES;
				CLANG_WARN_DIRECT_OBJC_ISA_USAGE = YES_ERROR;
				CLANG_WARN_DOCUMENTATION_COMMENTS = YES;
				CLANG_WARN_EMPTY_BODY = YES;
				CLANG_WARN_ENUM_CONVERSION = YES;
				CLANG_WARN_INFINITE_RECURSION = YES;
				CLANG_WARN_INT_CONVERSION = YES;
				CLANG_WARN_NON_LITERAL_NULL_CONVERSION = YES;
				CLANG_WARN_OBJC_IMPLICIT_RETAIN_SELF = YES;
				CLANG_WARN_OBJC_LITERAL_CONVERSION = YES;
				CLANG_WARN_OBJC_ROOT_CLASS = YES_ERROR;
				CLANG_WARN_RANGE_LOOP_ANALYSIS = YES;
				CLANG_WARN_STRICT_PROTOTYPES = YES;
				CLANG_WARN_SUSPICIOUS_MOVE = YES;
				CLANG_WARN_UNGUARDED_AVAILABILITY = YES_AGGRESSIVE;
				CLANG_WARN_UNREACHABLE_CODE = YES;
				CLANG_WARN__DUPLICATE_METHOD_MATCH = YES;
				CODE_SIGN_IDENTITY = "iPhone Developer";
				COPY_PHASE_STRIP = NO;
				DEBUG_INFORMATION_FORMAT = dwarf;
				ENABLE_STRICT_OBJC_MSGSEND = YES;
				ENABLE_TESTABILITY = YES;
				GCC_C_LANGUAGE_STANDARD = gnu11;
				GCC_DYNAMIC_NO_PIC = NO;
				GCC_NO_COMMON_BLOCKS = YES;
				GCC_OPTIMIZATION_LEVEL = 0;
				GCC_PREPROCESSOR_DEFINITIONS = (
					"DEBUG=1",
					"$(inherited)",
				);
				GCC_WARN_64_TO_32_BIT_CONVERSION = YES;
				GCC_WARN_ABOUT_RETURN_TYPE = YES_ERROR;
				GCC_WARN_UNDECLARED_SELECTOR = YES;
				GCC_WARN_UNINITIALIZED_AUTOS = YES_AGGRESSIVE;
				GCC_WARN_UNUSED_FUNCTION = YES;
				GCC_WARN_UNUSED_VARIABLE = YES;
				IPHONEOS_DEPLOYMENT_TARGET = 11.4;
				MTL_ENABLE_DEBUG_INFO = YES;
				ONLY_ACTIVE_ARCH = YES;
				SDKROOT = iphoneos;
				SWIFT_ACTIVE_COMPILATION_CONDITIONS = DEBUG;
				SWIFT_OPTIMIZATION_LEVEL = "-Onone";
			};
			name = Debug;
		};
		F487357F20FCDE1A00248DB5 /* Release */ = {
			isa = XCBuildConfiguration;
			buildSettings = {
				ALWAYS_SEARCH_USER_PATHS = NO;
				CLANG_ANALYZER_NONNULL = YES;
				CLANG_ANALYZER_NUMBER_OBJECT_CONVERSION = YES_AGGRESSIVE;
				CLANG_CXX_LANGUAGE_STANDARD = "gnu++14";
				CLANG_CXX_LIBRARY = "libc++";
				CLANG_ENABLE_MODULES = YES;
				CLANG_ENABLE_OBJC_ARC = YES;
				CLANG_ENABLE_OBJC_WEAK = YES;
				CLANG_WARN_BLOCK_CAPTURE_AUTORELEASING = YES;
				CLANG_WARN_BOOL_CONVERSION = YES;
				CLANG_WARN_COMMA = YES;
				CLANG_WARN_CONSTANT_CONVERSION = YES;
				CLANG_WARN_DEPRECATED_OBJC_IMPLEMENTATIONS = YES;
				CLANG_WARN_DIRECT_OBJC_ISA_USAGE = YES_ERROR;
				CLANG_WARN_DOCUMENTATION_COMMENTS = YES;
				CLANG_WARN_EMPTY_BODY = YES;
				CLANG_WARN_ENUM_CONVERSION = YES;
				CLANG_WARN_INFINITE_RECURSION = YES;
				CLANG_WARN_INT_CONVERSION = YES;
				CLANG_WARN_NON_LITERAL_NULL_CONVERSION = YES;
				CLANG_WARN_OBJC_IMPLICIT_RETAIN_SELF = YES;
				CLANG_WARN_OBJC_LITERAL_CONVERSION = YES;
				CLANG_WARN_OBJC_ROOT_CLASS = YES_ERROR;
				CLANG_WARN_RANGE_LOOP_ANALYSIS = YES;
				CLANG_WARN_STRICT_PROTOTYPES = YES;
				CLANG_WARN_SUSPICIOUS_MOVE = YES;
				CLANG_WARN_UNGUARDED_AVAILABILITY = YES_AGGRESSIVE;
				CLANG_WARN_UNREACHABLE_CODE = YES;
				CLANG_WARN__DUPLICATE_METHOD_MATCH = YES;
				CODE_SIGN_IDENTITY = "iPhone Developer";
				COPY_PHASE_STRIP = NO;
				DEBUG_INFORMATION_FORMAT = "dwarf-with-dsym";
				ENABLE_NS_ASSERTIONS = NO;
				ENABLE_STRICT_OBJC_MSGSEND = YES;
				GCC_C_LANGUAGE_STANDARD = gnu11;
				GCC_NO_COMMON_BLOCKS = YES;
				GCC_WARN_64_TO_32_BIT_CONVERSION = YES;
				GCC_WARN_ABOUT_RETURN_TYPE = YES_ERROR;
				GCC_WARN_UNDECLARED_SELECTOR = YES;
				GCC_WARN_UNINITIALIZED_AUTOS = YES_AGGRESSIVE;
				GCC_WARN_UNUSED_FUNCTION = YES;
				GCC_WARN_UNUSED_VARIABLE = YES;
				IPHONEOS_DEPLOYMENT_TARGET = 11.4;
				MTL_ENABLE_DEBUG_INFO = NO;
				SDKROOT = iphoneos;
				SWIFT_COMPILATION_MODE = wholemodule;
				SWIFT_OPTIMIZATION_LEVEL = "-O";
				VALIDATE_PRODUCT = YES;
			};
			name = Release;
		};
		F487358120FCDE1A00248DB5 /* Debug */ = {
			isa = XCBuildConfiguration;
			baseConfigurationReference = 766CD873518073E0CA67B3B5 /* Pods-Hindu Temples.debug.xcconfig */;
			buildSettings = {
				ASSETCATALOG_COMPILER_APPICON_NAME = AppIcon;
				CODE_SIGN_STYLE = Automatic;
				DEVELOPMENT_TEAM = QHVZC4U223;
				INFOPLIST_FILE = "Hindu Temples/Info.plist";
				LD_RUNPATH_SEARCH_PATHS = (
					"$(inherited)",
					"@executable_path/Frameworks",
				);
				PRODUCT_BUNDLE_IDENTIFIER = com.freeapps.hindutemples;
				PRODUCT_NAME = "$(TARGET_NAME)";
				SWIFT_VERSION = 4.0;
				TARGETED_DEVICE_FAMILY = "1,2";
			};
			name = Debug;
		};
		F487358220FCDE1A00248DB5 /* Release */ = {
			isa = XCBuildConfiguration;
			baseConfigurationReference = 5AF86490CDBB8D7C1C51D3A9 /* Pods-Hindu Temples.release.xcconfig */;
			buildSettings = {
				ASSETCATALOG_COMPILER_APPICON_NAME = AppIcon;
				CODE_SIGN_STYLE = Automatic;
				DEVELOPMENT_TEAM = QHVZC4U223;
				INFOPLIST_FILE = "Hindu Temples/Info.plist";
				LD_RUNPATH_SEARCH_PATHS = (
					"$(inherited)",
					"@executable_path/Frameworks",
				);
				PRODUCT_BUNDLE_IDENTIFIER = com.freeapps.hindutemples;
				PRODUCT_NAME = "$(TARGET_NAME)";
				SWIFT_VERSION = 4.0;
				TARGETED_DEVICE_FAMILY = "1,2";
			};
			name = Release;
		};
		F487358420FCDE1A00248DB5 /* Debug */ = {
			isa = XCBuildConfiguration;
			baseConfigurationReference = 13AA0D4E1B592E48A35B338A /* Pods-Hindu TemplesTests.debug.xcconfig */;
			buildSettings = {
				ALWAYS_EMBED_SWIFT_STANDARD_LIBRARIES = YES;
				BUNDLE_LOADER = "$(TEST_HOST)";
				CODE_SIGN_STYLE = Automatic;
				DEVELOPMENT_TEAM = QHVZC4U223;
				INFOPLIST_FILE = "Hindu TemplesTests/Info.plist";
				LD_RUNPATH_SEARCH_PATHS = (
					"$(inherited)",
					"@executable_path/Frameworks",
					"@loader_path/Frameworks",
				);
				PRODUCT_BUNDLE_IDENTIFIER = "com.sprint.Hindu-TemplesTests";
				PRODUCT_NAME = "$(TARGET_NAME)";
				SWIFT_VERSION = 4.0;
				TARGETED_DEVICE_FAMILY = "1,2";
				TEST_HOST = "$(BUILT_PRODUCTS_DIR)/Hindu Temples.app/Hindu Temples";
			};
			name = Debug;
		};
		F487358520FCDE1A00248DB5 /* Release */ = {
			isa = XCBuildConfiguration;
			baseConfigurationReference = 9B807176C5EDFBB515AB1C4A /* Pods-Hindu TemplesTests.release.xcconfig */;
			buildSettings = {
				ALWAYS_EMBED_SWIFT_STANDARD_LIBRARIES = YES;
				BUNDLE_LOADER = "$(TEST_HOST)";
				CODE_SIGN_STYLE = Automatic;
				DEVELOPMENT_TEAM = QHVZC4U223;
				INFOPLIST_FILE = "Hindu TemplesTests/Info.plist";
				LD_RUNPATH_SEARCH_PATHS = (
					"$(inherited)",
					"@executable_path/Frameworks",
					"@loader_path/Frameworks",
				);
				PRODUCT_BUNDLE_IDENTIFIER = "com.sprint.Hindu-TemplesTests";
				PRODUCT_NAME = "$(TARGET_NAME)";
				SWIFT_VERSION = 4.0;
				TARGETED_DEVICE_FAMILY = "1,2";
				TEST_HOST = "$(BUILT_PRODUCTS_DIR)/Hindu Temples.app/Hindu Temples";
			};
			name = Release;
		};
		F487358720FCDE1A00248DB5 /* Debug */ = {
			isa = XCBuildConfiguration;
			baseConfigurationReference = 1D2E467B6A17D374A3E6DEF0 /* Pods-Hindu TemplesUITests.debug.xcconfig */;
			buildSettings = {
				ALWAYS_EMBED_SWIFT_STANDARD_LIBRARIES = YES;
				CODE_SIGN_STYLE = Automatic;
				DEVELOPMENT_TEAM = QHVZC4U223;
				INFOPLIST_FILE = "Hindu TemplesUITests/Info.plist";
				LD_RUNPATH_SEARCH_PATHS = (
					"$(inherited)",
					"@executable_path/Frameworks",
					"@loader_path/Frameworks",
				);
				PRODUCT_BUNDLE_IDENTIFIER = "com.sprint.Hindu-TemplesUITests";
				PRODUCT_NAME = "$(TARGET_NAME)";
				SWIFT_VERSION = 4.0;
				TARGETED_DEVICE_FAMILY = "1,2";
				TEST_TARGET_NAME = "Hindu Temples";
			};
			name = Debug;
		};
		F487358820FCDE1A00248DB5 /* Release */ = {
			isa = XCBuildConfiguration;
			baseConfigurationReference = B88B65029DFAF2BED1403AAA /* Pods-Hindu TemplesUITests.release.xcconfig */;
			buildSettings = {
				ALWAYS_EMBED_SWIFT_STANDARD_LIBRARIES = YES;
				CODE_SIGN_STYLE = Automatic;
				DEVELOPMENT_TEAM = QHVZC4U223;
				INFOPLIST_FILE = "Hindu TemplesUITests/Info.plist";
				LD_RUNPATH_SEARCH_PATHS = (
					"$(inherited)",
					"@executable_path/Frameworks",
					"@loader_path/Frameworks",
				);
				PRODUCT_BUNDLE_IDENTIFIER = "com.sprint.Hindu-TemplesUITests";
				PRODUCT_NAME = "$(TARGET_NAME)";
				SWIFT_VERSION = 4.0;
				TARGETED_DEVICE_FAMILY = "1,2";
				TEST_TARGET_NAME = "Hindu Temples";
			};
			name = Release;
		};
/* End XCBuildConfiguration section */

/* Begin XCConfigurationList section */
		F487355320FCDE1800248DB5 /* Build configuration list for PBXProject "Hindu Temples" */ = {
			isa = XCConfigurationList;
			buildConfigurations = (
				F487357E20FCDE1A00248DB5 /* Debug */,
				F487357F20FCDE1A00248DB5 /* Release */,
			);
			defaultConfigurationIsVisible = 0;
			defaultConfigurationName = Release;
		};
		F487358020FCDE1A00248DB5 /* Build configuration list for PBXNativeTarget "Hindu Temples" */ = {
			isa = XCConfigurationList;
			buildConfigurations = (
				F487358120FCDE1A00248DB5 /* Debug */,
				F487358220FCDE1A00248DB5 /* Release */,
			);
			defaultConfigurationIsVisible = 0;
			defaultConfigurationName = Release;
		};
		F487358320FCDE1A00248DB5 /* Build configuration list for PBXNativeTarget "Hindu TemplesTests" */ = {
			isa = XCConfigurationList;
			buildConfigurations = (
				F487358420FCDE1A00248DB5 /* Debug */,
				F487358520FCDE1A00248DB5 /* Release */,
			);
			defaultConfigurationIsVisible = 0;
			defaultConfigurationName = Release;
		};
		F487358620FCDE1A00248DB5 /* Build configuration list for PBXNativeTarget "Hindu TemplesUITests" */ = {
			isa = XCConfigurationList;
			buildConfigurations = (
				F487358720FCDE1A00248DB5 /* Debug */,
				F487358820FCDE1A00248DB5 /* Release */,
			);
			defaultConfigurationIsVisible = 0;
			defaultConfigurationName = Release;
		};
/* End XCConfigurationList section */
	};
	rootObject = F487355020FCDE1800248DB5 /* Project object */;
}
